
Microsoft Visual Studio Solution File, Format Version 12.00
# Visual Studio Version 17
VisualStudioVersion = 17.4.33122.133
MinimumVisualStudioVersion = 10.0.40219.1
Project("{FAE04EC0-301F-11D3-BF4B-00C04F79EFBC}") = "QT2247A2", "QT2247A2\QT2247A2.csproj", "{81A99C06-96A9-42CC-ADD9-C58183C471AA}"
EndProject
Global
	GlobalSection(SolutionConfigurationPlatforms) = preSolution
		Debug|Any CPU = Debug|Any CPU
		Release|Any CPU = Release|Any CPU
	EndGlobalSection
	GlobalSection(ProjectConfigurationPlatforms) = postSolution
		{81A99C06-96A9-42CC-ADD9-C58183C471AA}.Debug|Any CPU.ActiveCfg = Debug|Any CPU
		{81A99C06-96A9-42CC-ADD9-C58183C471AA}.Debug|Any CPU.Build.0 = Debug|Any CPU
		{81A99C06-96A9-42CC-ADD9-C58183C471AA}.Release|Any CPU.ActiveCfg = Release|Any CPU
		{81A99C06-96A9-42CC-ADD9-C58183C471AA}.Release|Any CPU.Build.0 = Release|Any CPU
	EndGlobalSection
	GlobalSection(SolutionProperties) = preSolution
		HideSolutionNode = FALSE
	EndGlobalSection
	GlobalSection(ExtensibilityGlobals) = postSolution
		SolutionGuid = {5140295C-4C5F-4849-A58B-48A87FE787E6}
	EndGlobalSection
EndGlobal
